
Microsoft Visual Studio Solution File, Format Version 12.00
# Visual Studio Version 16
VisualStudioVersion = 16.0.31624.102
MinimumVisualStudioVersion = 10.0.40219.1
Project("{FAE04EC0-301F-11D3-BF4B-00C04F79EFBC}") = "Cube root Numbers", "Cube root Numbers\Cube root Numbers.csproj", "{3C2096F9-4CDD-4791-B125-4382D6BB9C16}"
EndProject
Global
	GlobalSection(SolutionConfigurationPlatforms) = preSolution
		Debug|Any CPU = Debug|Any CPU
		Release|Any CPU = Release|Any CPU
	EndGlobalSection
	GlobalSection(ProjectConfigurationPlatforms) = postSolution
		{3C2096F9-4CDD-4791-B125-4382D6BB9C16}.Debug|Any CPU.ActiveCfg = Debug|Any CPU
		{3C2096F9-4CDD-4791-B125-4382D6BB9C16}.Debug|Any CPU.Build.0 = Debug|Any CPU
		{3C2096F9-4CDD-4791-B125-4382D6BB9C16}.Release|Any CPU.ActiveCfg = Release|Any CPU
		{3C2096F9-4CDD-4791-B125-4382D6BB9C16}.Release|Any CPU.Build.0 = Release|Any CPU
	EndGlobalSection
	GlobalSection(SolutionProperties) = preSolution
		HideSolutionNode = FALSE
	EndGlobalSection
	GlobalSection(ExtensibilityGlobals) = postSolution
		SolutionGuid = {45235667-419E-4F07-98EC-74CD7F934AA8}
	EndGlobalSection
EndGlobal
